<?xml version="1.0" encoding="utf-8"?>
<Project ToolsVersion="4.0" xmlns="http://schemas.microsoft.com/developer/msbuild/2003">
  <ItemGroup>
    <ClCompile Include="Main.cpp" />
    <ClCompile Include="objects.cpp" />
    <ClCompile Include="Scene.cpp" />
    <ClCompile Include="serialize.cpp" />
    <ClCompile Include="Tracer.cpp" />
    <ClCompile Include="l3ds\l3ds.cpp">
      <Filter>l3ds</Filter>
    </ClCompile>
  </ItemGroup>
  <ItemGroup>
    <ClInclude Include="objects.h" />
    <ClInclude Include="Scene.h" />
    <ClInclude Include="serialize.h" />
    <ClInclude Include="Tracer.h" />
    <ClInclude Include="Types.h" />
    <ClInclude Include="l3ds\l3ds.h">
      <Filter>l3ds</Filter>
    </ClInclude>
  </ItemGroup>
  <ItemGroup>
    <Filter Include="l3ds">
      <UniqueIdentifier>{85bb7444-7fd2-4faf-8a45-d561876779bd}</UniqueIdentifier>
    </Filter>
  </ItemGroup>
</Project>